
Microsoft Visual Studio Solution File, Format Version 12.00
# Visual Studio Version 17
VisualStudioVersion = 17.10.35013.160
MinimumVisualStudioVersion = 10.0.40219.1
Project("{FAE04EC0-301F-11D3-BF4B-00C04F79EFBC}") = "PrimeNGTableReusableComponent", "PrimeNGTableReusableComponent\PrimeNGTableReusableComponent.csproj", "{65686FAF-462D-43DE-AF48-F2BD81662B64}"
EndProject
Project("{FAE04EC0-301F-11D3-BF4B-00C04F79EFBC}") = "ECS.PrimengTable", "ECS.PrimengTable\ECS.PrimengTable.csproj", "{93A8ACB0-15DE-3BE1-EFA8-A73204520310}"
EndProject
Global
	GlobalSection(SolutionConfigurationPlatforms) = preSolution
		Debug|Any CPU = Debug|Any CPU
		Release|Any CPU = Release|Any CPU
	EndGlobalSection
	GlobalSection(ProjectConfigurationPlatforms) = postSolution
		{65686FAF-462D-43DE-AF48-F2BD81662B64}.Debug|Any CPU.ActiveCfg = Debug|Any CPU
		{65686FAF-462D-43DE-AF48-F2BD81662B64}.Debug|Any CPU.Build.0 = Debug|Any CPU
		{65686FAF-462D-43DE-AF48-F2BD81662B64}.Release|Any CPU.ActiveCfg = Release|Any CPU
		{65686FAF-462D-43DE-AF48-F2BD81662B64}.Release|Any CPU.Build.0 = Release|Any CPU
		{93A8ACB0-15DE-3BE1-EFA8-A73204520310}.Debug|Any CPU.ActiveCfg = Debug|Any CPU
		{93A8ACB0-15DE-3BE1-EFA8-A73204520310}.Debug|Any CPU.Build.0 = Debug|Any CPU
		{93A8ACB0-15DE-3BE1-EFA8-A73204520310}.Release|Any CPU.ActiveCfg = Release|Any CPU
		{93A8ACB0-15DE-3BE1-EFA8-A73204520310}.Release|Any CPU.Build.0 = Release|Any CPU
	EndGlobalSection
	GlobalSection(SolutionProperties) = preSolution
		HideSolutionNode = FALSE
	EndGlobalSection
	GlobalSection(ExtensibilityGlobals) = postSolution
		SolutionGuid = {86946785-F998-4699-8915-E0C72C006EBA}
	EndGlobalSection
EndGlobal
